
Microsoft Visual Studio Solution File, Format Version 12.00
# Visual Studio Version 16
VisualStudioVersion = 16.0.31424.327
MinimumVisualStudioVersion = 10.0.40219.1
Project("{FAE04EC0-301F-11D3-BF4B-00C04F79EFBC}") = "MVCBasicsNew", "MVCBasicsNew\MVCBasicsNew.csproj", "{1430CC16-A220-4452-80E2-6B00115F0F7F}"
EndProject
Global
	GlobalSection(SolutionConfigurationPlatforms) = preSolution
		Debug|Any CPU = Debug|Any CPU
		Release|Any CPU = Release|Any CPU
	EndGlobalSection
	GlobalSection(ProjectConfigurationPlatforms) = postSolution
		{1430CC16-A220-4452-80E2-6B00115F0F7F}.Debug|Any CPU.ActiveCfg = Debug|Any CPU
		{1430CC16-A220-4452-80E2-6B00115F0F7F}.Debug|Any CPU.Build.0 = Debug|Any CPU
		{1430CC16-A220-4452-80E2-6B00115F0F7F}.Release|Any CPU.ActiveCfg = Release|Any CPU
		{1430CC16-A220-4452-80E2-6B00115F0F7F}.Release|Any CPU.Build.0 = Release|Any CPU
	EndGlobalSection
	GlobalSection(SolutionProperties) = preSolution
		HideSolutionNode = FALSE
	EndGlobalSection
	GlobalSection(ExtensibilityGlobals) = postSolution
		SolutionGuid = {D8623048-CDFA-46E1-B790-DD629B81C46B}
	EndGlobalSection
EndGlobal
